
Microsoft Visual Studio Solution File, Format Version 12.00
# Visual Studio 2012
Project("{FAE04EC0-301F-11D3-BF4B-00C04F79EFBC}") = "Testing.Commons", "src\Testing.Commons\Testing.Commons.csproj", "{45732451-E1A2-4CAC-88C9-D52F055883D3}"
EndProject
Project("{FAE04EC0-301F-11D3-BF4B-00C04F79EFBC}") = "Testing.Commons.Tests", "src\Testing.Commons.Tests\Testing.Commons.Tests.csproj", "{87933DC2-247B-47C6-9453-4A825668A2F8}"
EndProject
Project("{2150E333-8FDC-42A3-9474-1A3956D46DE8}") = "Solution Items", "Solution Items", "{81126CF1-49ED-41CC-9244-358ABBC98A86}"
	ProjectSection(SolutionItems) = preProject
		Testing.Commons.build = Testing.Commons.build
		Testing.Commons.logo.png = Testing.Commons.logo.png
		Testing.Commons.NUnit.build = Testing.Commons.NUnit.build
		Testing.Commons.NUnit.logo.png = Testing.Commons.NUnit.logo.png
		Testing.Commons.NUnit.nuspec = Testing.Commons.NUnit.nuspec
		Testing.Commons.nuspec = Testing.Commons.nuspec
		Testing.Commons.ServiceStack.logo.png = Testing.Commons.ServiceStack.logo.png
		Testing.Commons.ServiceStack.nuspec = Testing.Commons.ServiceStack.nuspec
	EndProjectSection
EndProject
Project("{FAE04EC0-301F-11D3-BF4B-00C04F79EFBC}") = "Testing.Commons.NUnit", "src\Testing.Commons.NUnit\Testing.Commons.NUnit.csproj", "{D1EC2C82-5C90-43B7-BDAB-A37C8C355EF6}"
EndProject
Project("{FAE04EC0-301F-11D3-BF4B-00C04F79EFBC}") = "Testing.Commons.NUnit.Tests", "src\Testing.Commons.NUnit.Tests\Testing.Commons.NUnit.Tests.csproj", "{91C05746-024C-4232-9A66-442821A52980}"
EndProject
Project("{FAE04EC0-301F-11D3-BF4B-00C04F79EFBC}") = "Testing.Commons.ServiceStack", "src\Testing.Commons.ServiceStack\Testing.Commons.ServiceStack.csproj", "{7581BF3D-145C-4DF5-9498-4014049CAC98}"
EndProject
Global
	GlobalSection(SolutionConfigurationPlatforms) = preSolution
		Debug|Any CPU = Debug|Any CPU
		Release|Any CPU = Release|Any CPU
	EndGlobalSection
	GlobalSection(ProjectConfigurationPlatforms) = postSolution
		{45732451-E1A2-4CAC-88C9-D52F055883D3}.Debug|Any CPU.ActiveCfg = Debug|Any CPU
		{45732451-E1A2-4CAC-88C9-D52F055883D3}.Debug|Any CPU.Build.0 = Debug|Any CPU
		{45732451-E1A2-4CAC-88C9-D52F055883D3}.Release|Any CPU.ActiveCfg = Release|Any CPU
		{45732451-E1A2-4CAC-88C9-D52F055883D3}.Release|Any CPU.Build.0 = Release|Any CPU
		{87933DC2-247B-47C6-9453-4A825668A2F8}.Debug|Any CPU.ActiveCfg = Debug|Any CPU
		{87933DC2-247B-47C6-9453-4A825668A2F8}.Debug|Any CPU.Build.0 = Debug|Any CPU
		{87933DC2-247B-47C6-9453-4A825668A2F8}.Release|Any CPU.ActiveCfg = Release|Any CPU
		{87933DC2-247B-47C6-9453-4A825668A2F8}.Release|Any CPU.Build.0 = Release|Any CPU
		{D1EC2C82-5C90-43B7-BDAB-A37C8C355EF6}.Debug|Any CPU.ActiveCfg = Debug|Any CPU
		{D1EC2C82-5C90-43B7-BDAB-A37C8C355EF6}.Debug|Any CPU.Build.0 = Debug|Any CPU
		{D1EC2C82-5C90-43B7-BDAB-A37C8C355EF6}.Release|Any CPU.ActiveCfg = Release|Any CPU
		{D1EC2C82-5C90-43B7-BDAB-A37C8C355EF6}.Release|Any CPU.Build.0 = Release|Any CPU
		{91C05746-024C-4232-9A66-442821A52980}.Debug|Any CPU.ActiveCfg = Debug|Any CPU
		{91C05746-024C-4232-9A66-442821A52980}.Debug|Any CPU.Build.0 = Debug|Any CPU
		{91C05746-024C-4232-9A66-442821A52980}.Release|Any CPU.ActiveCfg = Release|Any CPU
		{91C05746-024C-4232-9A66-442821A52980}.Release|Any CPU.Build.0 = Release|Any CPU
		{7581BF3D-145C-4DF5-9498-4014049CAC98}.Debug|Any CPU.ActiveCfg = Debug|Any CPU
		{7581BF3D-145C-4DF5-9498-4014049CAC98}.Debug|Any CPU.Build.0 = Debug|Any CPU
		{7581BF3D-145C-4DF5-9498-4014049CAC98}.Release|Any CPU.ActiveCfg = Release|Any CPU
		{7581BF3D-145C-4DF5-9498-4014049CAC98}.Release|Any CPU.Build.0 = Release|Any CPU
	EndGlobalSection
	GlobalSection(SolutionProperties) = preSolution
		HideSolutionNode = FALSE
	EndGlobalSection
EndGlobal
